
Microsoft Visual Studio Solution File, Format Version 12.00
# Visual Studio Version 17
VisualStudioVersion = 17.1.32210.238
MinimumVisualStudioVersion = 10.0.40219.1
Project("{2150E333-8FDC-42A3-9474-1A3956D46DE8}") = "src", "src", "{34C3AB77-299D-489A-8C98-A71C0C17B92A}"
EndProject
Project("{E53339B2-1760-4266-BCC7-CA923CBCF16C}") = "docker-compose", "docker-compose.dcproj", "{2C733426-FBA7-4E9B-A6BE-EF59572CB6FE}"
EndProject
Project("{2150E333-8FDC-42A3-9474-1A3956D46DE8}") = "microservices", "microservices", "{2CAE6FAD-2FDE-44B8-A36D-2CF4FDBE2DD7}"
EndProject
Project("{2150E333-8FDC-42A3-9474-1A3956D46DE8}") = "AuthApp", "AuthApp", "{FDE11EA6-6B82-4857-A246-2352011081B2}"
EndProject
Project("{9A19103F-16F7-4668-BE54-9A1E7A4F7556}") = "AuthApp.API", "src\microservices\AuthApp\API\AuthApp.API\AuthApp.API.csproj", "{7F3CDBDE-6EBA-497E-A2E1-08BA1FB19091}"
EndProject
Project("{9A19103F-16F7-4668-BE54-9A1E7A4F7556}") = "AuthApp.Application", "src\microservices\AuthApp\Application\AuthApp.Application\AuthApp.Application.csproj", "{D86BA2E6-9B17-4E1F-8953-CC54603CBBD0}"
EndProject
Project("{9A19103F-16F7-4668-BE54-9A1E7A4F7556}") = "AuthApp.Domain", "src\microservices\AuthApp\Domain\AuthApp.Domain\AuthApp.Domain.csproj", "{CA5C50D8-6746-4D2B-9FF6-FC529757D460}"
EndProject
Project("{9A19103F-16F7-4668-BE54-9A1E7A4F7556}") = "AuthApp.Infra.CrossCutting.IoC", "src\microservices\AuthApp\Infra\AuthApp.Infra.CrossCutting.IoC\AuthApp.Infra.CrossCutting.IoC.csproj", "{F977DA5A-D266-4DF8-874F-8D0A7AE04364}"
EndProject
Project("{9A19103F-16F7-4668-BE54-9A1E7A4F7556}") = "AuthApp.Infra.CrossCutting.Resources", "src\microservices\AuthApp\Infra\AuthApp.Infra.CrossCutting.Resources\AuthApp.Infra.CrossCutting.Resources.csproj", "{19F86BC6-B567-4C90-8B66-F640E0FDF536}"
EndProject
Project("{9A19103F-16F7-4668-BE54-9A1E7A4F7556}") = "AuthApp.Infra.Data", "src\microservices\AuthApp\Infra\AuthApp.Infra.Data\AuthApp.Infra.Data.csproj", "{383C679B-D2D4-4B2C-8DB5-903C65B3AB8D}"
EndProject
Project("{FAE04EC0-301F-11D3-BF4B-00C04F79EFBC}") = "AuthApp.Services", "src\microservices\AuthApp\Services\AuthApp.Services\AuthApp.Services.csproj", "{567DD452-2C44-4A26-9D9D-ED4A4A77DCA8}"
EndProject
Project("{2150E333-8FDC-42A3-9474-1A3956D46DE8}") = "EgressApp", "EgressApp", "{2D76AE0E-0F8F-4546-B26A-CDDAFA6C0D1D}"
EndProject
Project("{FAE04EC0-301F-11D3-BF4B-00C04F79EFBC}") = "Egress.API", "src\microservices\EgressApp\Egress.API\Egress.API.csproj", "{C801EDB8-60B9-4D09-9180-6725045CA2C1}"
EndProject
Project("{FAE04EC0-301F-11D3-BF4B-00C04F79EFBC}") = "Egress.Application", "src\microservices\EgressApp\Egress.Application\Egress.Application.csproj", "{7752F13E-72CD-46EF-AD32-0C38DB8EA890}"
EndProject
Project("{FAE04EC0-301F-11D3-BF4B-00C04F79EFBC}") = "Egress.Domain", "src\microservices\EgressApp\Egress.Domain\Egress.Domain.csproj", "{F5A50633-7966-45D1-8A98-BD6698F1A9DD}"
EndProject
Project("{2150E333-8FDC-42A3-9474-1A3956D46DE8}") = "Egress.Infra", "Egress.Infra", "{7CC8FE53-B8E2-4599-902B-B136448ABF3D}"
EndProject
Project("{FAE04EC0-301F-11D3-BF4B-00C04F79EFBC}") = "Egress.Infra.CrossCutting.IoC", "src\microservices\EgressApp\Egress.Infra\Egress.Infra.CrossCutting.IoC\Egress.Infra.CrossCutting.IoC.csproj", "{5CEBCF63-7568-4736-A471-B2C6517AC5C3}"
EndProject
Project("{FAE04EC0-301F-11D3-BF4B-00C04F79EFBC}") = "Egress.Infra.CrossCutting.Resource", "src\microservices\EgressApp\Egress.Infra\Egress.Infra.CrossCutting.Resource\Egress.Infra.CrossCutting.Resource.csproj", "{81C3B8BC-5EC5-46C1-8A75-B9B267DF3392}"
EndProject
Project("{FAE04EC0-301F-11D3-BF4B-00C04F79EFBC}") = "Egress.Infra.Data", "src\microservices\EgressApp\Egress.Infra\Egress.Infra.Data\Egress.Infra.Data.csproj", "{90CCB07E-B8E9-4E02-956B-09EA69010C90}"
EndProject
Project("{2150E333-8FDC-42A3-9474-1A3956D46DE8}") = "BFF", "BFF", "{56751EB5-4E0D-4065-9E11-EFDB82959499}"
EndProject
Project("{FAE04EC0-301F-11D3-BF4B-00C04F79EFBC}") = "BFF.Web", "src\BFF\BFF.Web\BFF.Web.csproj", "{4F7B46EE-5112-4AE7-ADBD-3265A59F50A8}"
EndProject
Global
	GlobalSection(SolutionConfigurationPlatforms) = preSolution
		Debug|Any CPU = Debug|Any CPU
		Release|Any CPU = Release|Any CPU
	EndGlobalSection
	GlobalSection(ProjectConfigurationPlatforms) = postSolution
		{2C733426-FBA7-4E9B-A6BE-EF59572CB6FE}.Debug|Any CPU.ActiveCfg = Debug|Any CPU
		{2C733426-FBA7-4E9B-A6BE-EF59572CB6FE}.Debug|Any CPU.Build.0 = Debug|Any CPU
		{2C733426-FBA7-4E9B-A6BE-EF59572CB6FE}.Release|Any CPU.ActiveCfg = Release|Any CPU
		{2C733426-FBA7-4E9B-A6BE-EF59572CB6FE}.Release|Any CPU.Build.0 = Release|Any CPU
		{7F3CDBDE-6EBA-497E-A2E1-08BA1FB19091}.Debug|Any CPU.ActiveCfg = Debug|Any CPU
		{7F3CDBDE-6EBA-497E-A2E1-08BA1FB19091}.Debug|Any CPU.Build.0 = Debug|Any CPU
		{7F3CDBDE-6EBA-497E-A2E1-08BA1FB19091}.Release|Any CPU.ActiveCfg = Release|Any CPU
		{7F3CDBDE-6EBA-497E-A2E1-08BA1FB19091}.Release|Any CPU.Build.0 = Release|Any CPU
		{D86BA2E6-9B17-4E1F-8953-CC54603CBBD0}.Debug|Any CPU.ActiveCfg = Debug|Any CPU
		{D86BA2E6-9B17-4E1F-8953-CC54603CBBD0}.Debug|Any CPU.Build.0 = Debug|Any CPU
		{D86BA2E6-9B17-4E1F-8953-CC54603CBBD0}.Release|Any CPU.ActiveCfg = Release|Any CPU
		{D86BA2E6-9B17-4E1F-8953-CC54603CBBD0}.Release|Any CPU.Build.0 = Release|Any CPU
		{CA5C50D8-6746-4D2B-9FF6-FC529757D460}.Debug|Any CPU.ActiveCfg = Debug|Any CPU
		{CA5C50D8-6746-4D2B-9FF6-FC529757D460}.Debug|Any CPU.Build.0 = Debug|Any CPU
		{CA5C50D8-6746-4D2B-9FF6-FC529757D460}.Release|Any CPU.ActiveCfg = Release|Any CPU
		{CA5C50D8-6746-4D2B-9FF6-FC529757D460}.Release|Any CPU.Build.0 = Release|Any CPU
		{F977DA5A-D266-4DF8-874F-8D0A7AE04364}.Debug|Any CPU.ActiveCfg = Debug|Any CPU
		{F977DA5A-D266-4DF8-874F-8D0A7AE04364}.Debug|Any CPU.Build.0 = Debug|Any CPU
		{F977DA5A-D266-4DF8-874F-8D0A7AE04364}.Release|Any CPU.ActiveCfg = Release|Any CPU
		{F977DA5A-D266-4DF8-874F-8D0A7AE04364}.Release|Any CPU.Build.0 = Release|Any CPU
		{19F86BC6-B567-4C90-8B66-F640E0FDF536}.Debug|Any CPU.ActiveCfg = Debug|Any CPU
		{19F86BC6-B567-4C90-8B66-F640E0FDF536}.Debug|Any CPU.Build.0 = Debug|Any CPU
		{19F86BC6-B567-4C90-8B66-F640E0FDF536}.Release|Any CPU.ActiveCfg = Release|Any CPU
		{19F86BC6-B567-4C90-8B66-F640E0FDF536}.Release|Any CPU.Build.0 = Release|Any CPU
		{383C679B-D2D4-4B2C-8DB5-903C65B3AB8D}.Debug|Any CPU.ActiveCfg = Debug|Any CPU
		{383C679B-D2D4-4B2C-8DB5-903C65B3AB8D}.Debug|Any CPU.Build.0 = Debug|Any CPU
		{383C679B-D2D4-4B2C-8DB5-903C65B3AB8D}.Release|Any CPU.ActiveCfg = Release|Any CPU
		{383C679B-D2D4-4B2C-8DB5-903C65B3AB8D}.Release|Any CPU.Build.0 = Release|Any CPU
		{567DD452-2C44-4A26-9D9D-ED4A4A77DCA8}.Debug|Any CPU.ActiveCfg = Debug|Any CPU
		{567DD452-2C44-4A26-9D9D-ED4A4A77DCA8}.Debug|Any CPU.Build.0 = Debug|Any CPU
		{567DD452-2C44-4A26-9D9D-ED4A4A77DCA8}.Release|Any CPU.ActiveCfg = Release|Any CPU
		{567DD452-2C44-4A26-9D9D-ED4A4A77DCA8}.Release|Any CPU.Build.0 = Release|Any CPU
		{C801EDB8-60B9-4D09-9180-6725045CA2C1}.Debug|Any CPU.ActiveCfg = Debug|Any CPU
		{C801EDB8-60B9-4D09-9180-6725045CA2C1}.Debug|Any CPU.Build.0 = Debug|Any CPU
		{C801EDB8-60B9-4D09-9180-6725045CA2C1}.Release|Any CPU.ActiveCfg = Release|Any CPU
		{C801EDB8-60B9-4D09-9180-6725045CA2C1}.Release|Any CPU.Build.0 = Release|Any CPU
		{7752F13E-72CD-46EF-AD32-0C38DB8EA890}.Debug|Any CPU.ActiveCfg = Debug|Any CPU
		{7752F13E-72CD-46EF-AD32-0C38DB8EA890}.Debug|Any CPU.Build.0 = Debug|Any CPU
		{7752F13E-72CD-46EF-AD32-0C38DB8EA890}.Release|Any CPU.ActiveCfg = Release|Any CPU
		{7752F13E-72CD-46EF-AD32-0C38DB8EA890}.Release|Any CPU.Build.0 = Release|Any CPU
		{F5A50633-7966-45D1-8A98-BD6698F1A9DD}.Debug|Any CPU.ActiveCfg = Debug|Any CPU
		{F5A50633-7966-45D1-8A98-BD6698F1A9DD}.Debug|Any CPU.Build.0 = Debug|Any CPU
		{F5A50633-7966-45D1-8A98-BD6698F1A9DD}.Release|Any CPU.ActiveCfg = Release|Any CPU
		{F5A50633-7966-45D1-8A98-BD6698F1A9DD}.Release|Any CPU.Build.0 = Release|Any CPU
		{5CEBCF63-7568-4736-A471-B2C6517AC5C3}.Debug|Any CPU.ActiveCfg = Debug|Any CPU
		{5CEBCF63-7568-4736-A471-B2C6517AC5C3}.Debug|Any CPU.Build.0 = Debug|Any CPU
		{5CEBCF63-7568-4736-A471-B2C6517AC5C3}.Release|Any CPU.ActiveCfg = Release|Any CPU
		{5CEBCF63-7568-4736-A471-B2C6517AC5C3}.Release|Any CPU.Build.0 = Release|Any CPU
		{81C3B8BC-5EC5-46C1-8A75-B9B267DF3392}.Debug|Any CPU.ActiveCfg = Debug|Any CPU
		{81C3B8BC-5EC5-46C1-8A75-B9B267DF3392}.Debug|Any CPU.Build.0 = Debug|Any CPU
		{81C3B8BC-5EC5-46C1-8A75-B9B267DF3392}.Release|Any CPU.ActiveCfg = Release|Any CPU
		{81C3B8BC-5EC5-46C1-8A75-B9B267DF3392}.Release|Any CPU.Build.0 = Release|Any CPU
		{90CCB07E-B8E9-4E02-956B-09EA69010C90}.Debug|Any CPU.ActiveCfg = Debug|Any CPU
		{90CCB07E-B8E9-4E02-956B-09EA69010C90}.Debug|Any CPU.Build.0 = Debug|Any CPU
		{90CCB07E-B8E9-4E02-956B-09EA69010C90}.Release|Any CPU.ActiveCfg = Release|Any CPU
		{90CCB07E-B8E9-4E02-956B-09EA69010C90}.Release|Any CPU.Build.0 = Release|Any CPU
		{4F7B46EE-5112-4AE7-ADBD-3265A59F50A8}.Debug|Any CPU.ActiveCfg = Debug|Any CPU
		{4F7B46EE-5112-4AE7-ADBD-3265A59F50A8}.Debug|Any CPU.Build.0 = Debug|Any CPU
		{4F7B46EE-5112-4AE7-ADBD-3265A59F50A8}.Release|Any CPU.ActiveCfg = Release|Any CPU
		{4F7B46EE-5112-4AE7-ADBD-3265A59F50A8}.Release|Any CPU.Build.0 = Release|Any CPU
	EndGlobalSection
	GlobalSection(SolutionProperties) = preSolution
		HideSolutionNode = FALSE
	EndGlobalSection
	GlobalSection(NestedProjects) = preSolution
		{2CAE6FAD-2FDE-44B8-A36D-2CF4FDBE2DD7} = {34C3AB77-299D-489A-8C98-A71C0C17B92A}
		{FDE11EA6-6B82-4857-A246-2352011081B2} = {2CAE6FAD-2FDE-44B8-A36D-2CF4FDBE2DD7}
		{7F3CDBDE-6EBA-497E-A2E1-08BA1FB19091} = {FDE11EA6-6B82-4857-A246-2352011081B2}
		{D86BA2E6-9B17-4E1F-8953-CC54603CBBD0} = {FDE11EA6-6B82-4857-A246-2352011081B2}
		{CA5C50D8-6746-4D2B-9FF6-FC529757D460} = {FDE11EA6-6B82-4857-A246-2352011081B2}
		{F977DA5A-D266-4DF8-874F-8D0A7AE04364} = {FDE11EA6-6B82-4857-A246-2352011081B2}
		{19F86BC6-B567-4C90-8B66-F640E0FDF536} = {FDE11EA6-6B82-4857-A246-2352011081B2}
		{383C679B-D2D4-4B2C-8DB5-903C65B3AB8D} = {FDE11EA6-6B82-4857-A246-2352011081B2}
		{567DD452-2C44-4A26-9D9D-ED4A4A77DCA8} = {FDE11EA6-6B82-4857-A246-2352011081B2}
		{2D76AE0E-0F8F-4546-B26A-CDDAFA6C0D1D} = {2CAE6FAD-2FDE-44B8-A36D-2CF4FDBE2DD7}
		{C801EDB8-60B9-4D09-9180-6725045CA2C1} = {2D76AE0E-0F8F-4546-B26A-CDDAFA6C0D1D}
		{7752F13E-72CD-46EF-AD32-0C38DB8EA890} = {2D76AE0E-0F8F-4546-B26A-CDDAFA6C0D1D}
		{F5A50633-7966-45D1-8A98-BD6698F1A9DD} = {2D76AE0E-0F8F-4546-B26A-CDDAFA6C0D1D}
		{7CC8FE53-B8E2-4599-902B-B136448ABF3D} = {2D76AE0E-0F8F-4546-B26A-CDDAFA6C0D1D}
		{5CEBCF63-7568-4736-A471-B2C6517AC5C3} = {7CC8FE53-B8E2-4599-902B-B136448ABF3D}
		{81C3B8BC-5EC5-46C1-8A75-B9B267DF3392} = {7CC8FE53-B8E2-4599-902B-B136448ABF3D}
		{90CCB07E-B8E9-4E02-956B-09EA69010C90} = {7CC8FE53-B8E2-4599-902B-B136448ABF3D}
		{56751EB5-4E0D-4065-9E11-EFDB82959499} = {34C3AB77-299D-489A-8C98-A71C0C17B92A}
		{4F7B46EE-5112-4AE7-ADBD-3265A59F50A8} = {56751EB5-4E0D-4065-9E11-EFDB82959499}
	EndGlobalSection
	GlobalSection(ExtensibilityGlobals) = postSolution
		SolutionGuid = {71914706-54EC-4612-8BD0-DBFB3FBD04C2}
	EndGlobalSection
EndGlobal
